{
  "nodes": {
    "caarlos0-nur": {
      "inputs": {
        "nixpkgs": "nixpkgs"
      },
      "locked": {
        "lastModified": 1733086256,
        "narHash": "sha256-fpGrRg4AUSekerTvQYwROjpGL/3l9HzDSQrea1HgaLc=",
        "owner": "caarlos0",
        "repo": "nur",
        "rev": "bbe816783e223724fb759458ae2d942e822d5c14",
        "type": "github"
      },
      "original": {
        "owner": "caarlos0",
        "repo": "nur",
        "type": "github"
      }
    },
    "charmbracelet-nur": {
      "inputs": {
        "nixpkgs": "nixpkgs_2"
      },
      "locked": {
        "lastModified": 1737036488,
        "narHash": "sha256-2DpvAlFVeGLdb+I+iKU5t8hdJZRUHBUdVLeWtaCYg4Y=",
        "owner": "charmbracelet",
        "repo": "nur",
        "rev": "93807b35eb982117d7c8d47684529e1658b11979",
        "type": "github"
      },
      "original": {
        "owner": "charmbracelet",
        "repo": "nur",
        "type": "github"
      }
    },
    "darwin": {
      "inputs": {
        "nixpkgs": [
          "nixpkgs"
        ]
      },
      "locked": {
        "lastModified": 1737085297,
        "narHash": "sha256-0gpgsX7hCauT6pblVg+hrDnt83lPoYzq/2BqqyvU8Tc=",
        "owner": "lnl7",
        "repo": "nix-darwin",
        "rev": "09414c7e2def24a5c52e588017b8524bcb68972a",
        "type": "github"
      },
      "original": {
        "owner": "lnl7",
        "repo": "nix-darwin",
        "type": "github"
      }
    },
    "flake-parts": {
      "inputs": {
        "nixpkgs-lib": [
          "nur",
          "nixpkgs"
        ]
      },
      "locked": {
        "lastModified": 1733312601,
        "narHash": "sha256-4pDvzqnegAfRkPwO3wmwBhVi/Sye1mzps0zHWYnP88c=",
        "owner": "hercules-ci",
        "repo": "flake-parts",
        "rev": "205b12d8b7cd4802fbcb8e8ef6a0f1408781a4f9",
        "type": "github"
      },
      "original": {
        "owner": "hercules-ci",
        "repo": "flake-parts",
        "type": "github"
      }
    },
    "gh-dash": {
      "inputs": {
        "nixpkgs": "nixpkgs_3"
      },
      "locked": {
        "lastModified": 1737236691,
        "narHash": "sha256-Pw89vj4M6aGsa4P271EIZlZaR9k9BCHuK9ZEAK0+NNc=",
        "ref": "refs/heads/dlvhdr/nix",
        "rev": "bcff5db2158b50f93a5d5daa769fd15a625d94a6",
        "revCount": 372,
        "shallow": true,
        "type": "git",
        "url": "file:/Users/dlvhdr/code/personal/gh-dash"
      },
      "original": {
        "shallow": true,
        "type": "git",
        "url": "file:/Users/dlvhdr/code/personal/gh-dash"
      }
    },
    "home-manager": {
      "inputs": {
        "nixpkgs": [
          "nixpkgs"
        ]
      },
      "locked": {
        "lastModified": 1737120639,
        "narHash": "sha256-p5e/45V41YD3tMELuiNIoVCa25/w4nhOTm0B9MtdHFI=",
        "owner": "nix-community",
        "repo": "home-manager",
        "rev": "a0046af169ce7b1da503974e1b22c48ef4d71887",
        "type": "github"
      },
      "original": {
        "owner": "nix-community",
        "repo": "home-manager",
        "type": "github"
      }
    },
    "nix-index-database": {
      "inputs": {
        "nixpkgs": [
          "nixpkgs"
        ]
      },
      "locked": {
        "lastModified": 1736652904,
        "narHash": "sha256-8uolHABgroXqzs03QdulHp8H9e5kWQZnnhcda1MKbBM=",
        "owner": "Mic92",
        "repo": "nix-index-database",
        "rev": "271e5bd7c57e1f001693799518b10a02d1123b12",
        "type": "github"
      },
      "original": {
        "owner": "Mic92",
        "repo": "nix-index-database",
        "type": "github"
      }
    },
    "nixpkgs": {
      "locked": {
        "lastModified": 1732617236,
        "narHash": "sha256-PYkz6U0bSEaEB1al7O1XsqVNeSNS+s3NVclJw7YC43w=",
        "owner": "NixOS",
        "repo": "nixpkgs",
        "rev": "af51545ec9a44eadf3fe3547610a5cdd882bc34e",
        "type": "github"
      },
      "original": {
        "owner": "NixOS",
        "ref": "nixpkgs-unstable",
        "repo": "nixpkgs",
        "type": "github"
      }
    },
    "nixpkgs_2": {
      "locked": {
        "lastModified": 1624561540,
        "narHash": "sha256-izJ2PYZMGMsSkg+e7c9A1x3t/yOLT+qzUM6WQsc2tqo=",
        "owner": "NixOS",
        "repo": "nixpkgs",
        "rev": "c6a049a3d32293b24c0f894a840872cf67fd7c11",
        "type": "github"
      },
      "original": {
        "owner": "NixOS",
        "ref": "nixpkgs-unstable",
        "repo": "nixpkgs",
        "type": "github"
      }
    },
    "nixpkgs_3": {
      "locked": {
        "lastModified": 1737003892,
        "narHash": "sha256-RCzJE9wKByLCXmRBp+z8LK9EgdW+K+W/DXnJS4S/NVo=",
        "owner": "nixos",
        "repo": "nixpkgs",
        "rev": "ae06b9c2d83cb5c8b12d7d0e32692e93d1379713",
        "type": "github"
      },
      "original": {
        "owner": "nixos",
        "ref": "nixpkgs-unstable",
        "repo": "nixpkgs",
        "type": "github"
      }
    },
    "nixpkgs_4": {
      "locked": {
        "lastModified": 1736883708,
        "narHash": "sha256-uQ+NQ0/xYU0N1CnXsa2zghgNaOPxWpMJXSUJJ9W7140=",
        "owner": "nixos",
        "repo": "nixpkgs",
        "rev": "eb62e6aa39ea67e0b8018ba8ea077efe65807dc8",
        "type": "github"
      },
      "original": {
        "owner": "nixos",
        "ref": "nixos-unstable",
        "repo": "nixpkgs",
        "type": "github"
      }
    },
    "nixpkgs_5": {
      "locked": {
        "lastModified": 1736883708,
        "narHash": "sha256-uQ+NQ0/xYU0N1CnXsa2zghgNaOPxWpMJXSUJJ9W7140=",
        "owner": "nixos",
        "repo": "nixpkgs",
        "rev": "eb62e6aa39ea67e0b8018ba8ea077efe65807dc8",
        "type": "github"
      },
      "original": {
        "owner": "nixos",
        "ref": "nixos-unstable",
        "repo": "nixpkgs",
        "type": "github"
      }
    },
    "nur": {
      "inputs": {
        "flake-parts": "flake-parts",
        "nixpkgs": "nixpkgs_5",
        "treefmt-nix": "treefmt-nix"
      },
      "locked": {
        "lastModified": 1737124029,
        "narHash": "sha256-6x2thGZfTl9gqIFiE4Q6qkieGqrmrDwCwVdgUjTuVzQ=",
        "owner": "nix-community",
        "repo": "NUR",
        "rev": "d9bf183b61de7e0f1358ddaa856cdd84d7286628",
        "type": "github"
      },
      "original": {
        "owner": "nix-community",
        "repo": "NUR",
        "type": "github"
      }
    },
    "root": {
      "inputs": {
        "caarlos0-nur": "caarlos0-nur",
        "charmbracelet-nur": "charmbracelet-nur",
        "darwin": "darwin",
        "gh-dash": "gh-dash",
        "home-manager": "home-manager",
        "nix-index-database": "nix-index-database",
        "nixpkgs": "nixpkgs_4",
        "nur": "nur"
      }
    },
    "treefmt-nix": {
      "inputs": {
        "nixpkgs": [
          "nur",
          "nixpkgs"
        ]
      },
      "locked": {
        "lastModified": 1733222881,
        "narHash": "sha256-JIPcz1PrpXUCbaccEnrcUS8jjEb/1vJbZz5KkobyFdM=",
        "owner": "numtide",
        "repo": "treefmt-nix",
        "rev": "49717b5af6f80172275d47a418c9719a31a78b53",
        "type": "github"
      },
      "original": {
        "owner": "numtide",
        "repo": "treefmt-nix",
        "type": "github"
      }
    }
  },
  "root": "root",
  "version": 7
}
